// !$*UTF8*$!
{
	archiveVersion = 1;
	classes = {
	};
	objectVersion = 55;
	objects = {

/* Begin PBXBuildFile section */
		090603ABF665143BD342C4D4 /* Pods_iDocuments_iDocumentsUITests.framework in Frameworks */ = {isa = PBXBuildFile; fileRef = BB923CD86EA172BCE42007C8 /* Pods_iDocuments_iDocumentsUITests.framework */; };
		12806E290FC9F8EEB03AD7A6 /* Pods_iDocumentsTests.framework in Frameworks */ = {isa = PBXBuildFile; fileRef = 7675ECC0CF612727A15A2F23 /* Pods_iDocumentsTests.framework */; };
		657F696B65DE0A4182853D7A /* Pods_iDocuments.framework in Frameworks */ = {isa = PBXBuildFile; fileRef = A6046771C4E9E58C0362C3B5 /* Pods_iDocuments.framework */; };
		84364E2429519C3600AAA84C /* DictionaryExtension.swift in Sources */ = {isa = PBXBuildFile; fileRef = 84364E2329519C3600AAA84C /* DictionaryExtension.swift */; };
		846DB373295079DF0092A271 /* DocumentTableCell.swift in Sources */ = {isa = PBXBuildFile; fileRef = 846DB372295079DF0092A271 /* DocumentTableCell.swift */; };
		849161BA29504728002E3AB8 /* ListDocumentsViewModelProvider.swift in Sources */ = {isa = PBXBuildFile; fileRef = 849161B929504728002E3AB8 /* ListDocumentsViewModelProvider.swift */; };
		8495CDE3294FA36A003176CC /* ListDocumentsViewModel.swift in Sources */ = {isa = PBXBuildFile; fileRef = 8495CDE2294FA36A003176CC /* ListDocumentsViewModel.swift */; };
		8495CDE6294FA5FA003176CC /* Bindable.swift in Sources */ = {isa = PBXBuildFile; fileRef = 8495CDE5294FA5FA003176CC /* Bindable.swift */; };
		8495CDEA294FA6DA003176CC /* Document.swift in Sources */ = {isa = PBXBuildFile; fileRef = 8495CDE9294FA6DA003176CC /* Document.swift */; };
		8495CDEE294FA9A7003176CC /* DocumentServices.swift in Sources */ = {isa = PBXBuildFile; fileRef = 8495CDED294FA9A7003176CC /* DocumentServices.swift */; };
		8495CDF2294FACC1003176CC /* DocumentServicesContract.swift in Sources */ = {isa = PBXBuildFile; fileRef = 8495CDF1294FACC1003176CC /* DocumentServicesContract.swift */; };
		8495CDF5294FB4AC003176CC /* DocumentDataMapper.swift in Sources */ = {isa = PBXBuildFile; fileRef = 8495CDF4294FB4AC003176CC /* DocumentDataMapper.swift */; };
		8495CDF9294FBC53003176CC /* DocumentServicesProvider.swift in Sources */ = {isa = PBXBuildFile; fileRef = 8495CDF8294FBC53003176CC /* DocumentServicesProvider.swift */; };
		8495CDFC294FBD0B003176CC /* ListDocumentsUsecase.swift in Sources */ = {isa = PBXBuildFile; fileRef = 8495CDFB294FBD0B003176CC /* ListDocumentsUsecase.swift */; };
		8495CDFF294FC33D003176CC /* ListDocumentsUsecaseContract.swift in Sources */ = {isa = PBXBuildFile; fileRef = 8495CDFE294FC33D003176CC /* ListDocumentsUsecaseContract.swift */; };
		8495CE02294FC7D4003176CC /* ListDocumentsUsecaseProvider.swift in Sources */ = {isa = PBXBuildFile; fileRef = 8495CE01294FC7D4003176CC /* ListDocumentsUsecaseProvider.swift */; };
		84EC91A329545128002CD0C0 /* DocumentDetailsViewController.swift in Sources */ = {isa = PBXBuildFile; fileRef = 84EC91A229545128002CD0C0 /* DocumentDetailsViewController.swift */; };
		84EC91A529545301002CD0C0 /* DocumentDetailsViewModel.swift in Sources */ = {isa = PBXBuildFile; fileRef = 84EC91A429545301002CD0C0 /* DocumentDetailsViewModel.swift */; };
		84EC91A929545386002CD0C0 /* DocumentDetailsViewModelProvider.swift in Sources */ = {isa = PBXBuildFile; fileRef = 84EC91A829545386002CD0C0 /* DocumentDetailsViewModelProvider.swift */; };
		84EC91AB295461CA002CD0C0 /* DocumentTitleTableCell.swift in Sources */ = {isa = PBXBuildFile; fileRef = 84EC91AA295461CA002CD0C0 /* DocumentTitleTableCell.swift */; };
		84EC91AD29546AC5002CD0C0 /* DocumentAuthorTableCell.swift in Sources */ = {isa = PBXBuildFile; fileRef = 84EC91AC29546AC5002CD0C0 /* DocumentAuthorTableCell.swift */; };
		84EC91AF29546B0E002CD0C0 /* DocumentCoverTableCell.swift in Sources */ = {isa = PBXBuildFile; fileRef = 84EC91AE29546B0E002CD0C0 /* DocumentCoverTableCell.swift */; };
		84FB21F8294F4C2A00619226 /* AppDelegate.swift in Sources */ = {isa = PBXBuildFile; fileRef = 84FB21F7294F4C2A00619226 /* AppDelegate.swift */; };
		84FB21FC294F4C2A00619226 /* ListDocumentsViewController.swift in Sources */ = {isa = PBXBuildFile; fileRef = 84FB21FB294F4C2A00619226 /* ListDocumentsViewController.swift */; };
		84FB21FF294F4C2A00619226 /* Main.storyboard in Resources */ = {isa = PBXBuildFile; fileRef = 84FB21FD294F4C2A00619226 /* Main.storyboard */; };
		84FB2201294F4C2C00619226 /* Assets.xcassets in Resources */ = {isa = PBXBuildFile; fileRef = 84FB2200294F4C2C00619226 /* Assets.xcassets */; };
		84FB2204294F4C2C00619226 /* LaunchScreen.storyboard in Resources */ = {isa = PBXBuildFile; fileRef = 84FB2202294F4C2C00619226 /* LaunchScreen.storyboard */; };
		84FB220F294F4C2C00619226 /* iDocumentsTests.swift in Sources */ = {isa = PBXBuildFile; fileRef = 84FB220E294F4C2C00619226 /* iDocumentsTests.swift */; };
		84FB2219294F4C2C00619226 /* iDocumentsUITests.swift in Sources */ = {isa = PBXBuildFile; fileRef = 84FB2218294F4C2C00619226 /* iDocumentsUITests.swift */; };
		84FB221B294F4C2C00619226 /* iDocumentsUITestsLaunchTests.swift in Sources */ = {isa = PBXBuildFile; fileRef = 84FB221A294F4C2C00619226 /* iDocumentsUITestsLaunchTests.swift */; };
		84FB222E294F536300619226 /* StatusCode.swift in Sources */ = {isa = PBXBuildFile; fileRef = 84FB222D294F536300619226 /* StatusCode.swift */; };
		84FB2230294F539E00619226 /* WebserviceManager.swift in Sources */ = {isa = PBXBuildFile; fileRef = 84FB222F294F539E00619226 /* WebserviceManager.swift */; };
		84FB2232294F53F500619226 /* WebserviceUrl.swift in Sources */ = {isa = PBXBuildFile; fileRef = 84FB2231294F53F500619226 /* WebserviceUrl.swift */; };
/* End PBXBuildFile section */

/* Begin PBXContainerItemProxy section */
		84FB220B294F4C2C00619226 /* PBXContainerItemProxy */ = {
			isa = PBXContainerItemProxy;
			containerPortal = 84FB21EC294F4C2A00619226 /* Project object */;
			proxyType = 1;
			remoteGlobalIDString = 84FB21F3294F4C2A00619226;
			remoteInfo = iDocuments;
		};
		84FB2215294F4C2C00619226 /* PBXContainerItemProxy */ = {
			isa = PBXContainerItemProxy;
			containerPortal = 84FB21EC294F4C2A00619226 /* Project object */;
			proxyType = 1;
			remoteGlobalIDString = 84FB21F3294F4C2A00619226;
			remoteInfo = iDocuments;
		};
/* End PBXContainerItemProxy section */

/* Begin PBXFileReference section */
		0D08B409F2FA0EFC406D89C3 /* Pods-iDocumentsTests.release.xcconfig */ = {isa = PBXFileReference; includeInIndex = 1; lastKnownFileType = text.xcconfig; name = "Pods-iDocumentsTests.release.xcconfig"; path = "Target Support Files/Pods-iDocumentsTests/Pods-iDocumentsTests.release.xcconfig"; sourceTree = "<group>"; };
		1705A97CFE66D1055CB05A8F /* Pods-iDocuments-iDocumentsUITests.release.xcconfig */ = {isa = PBXFileReference; includeInIndex = 1; lastKnownFileType = text.xcconfig; name = "Pods-iDocuments-iDocumentsUITests.release.xcconfig"; path = "Target Support Files/Pods-iDocuments-iDocumentsUITests/Pods-iDocuments-iDocumentsUITests.release.xcconfig"; sourceTree = "<group>"; };
		3C9C11AFD54DAA18CE36B7FE /* Pods-iDocuments-iDocumentsUITests.debug.xcconfig */ = {isa = PBXFileReference; includeInIndex = 1; lastKnownFileType = text.xcconfig; name = "Pods-iDocuments-iDocumentsUITests.debug.xcconfig"; path = "Target Support Files/Pods-iDocuments-iDocumentsUITests/Pods-iDocuments-iDocumentsUITests.debug.xcconfig"; sourceTree = "<group>"; };
		5CF15BCF600FBC0E244A8F46 /* Pods-iDocuments.release.xcconfig */ = {isa = PBXFileReference; includeInIndex = 1; lastKnownFileType = text.xcconfig; name = "Pods-iDocuments.release.xcconfig"; path = "Target Support Files/Pods-iDocuments/Pods-iDocuments.release.xcconfig"; sourceTree = "<group>"; };
		69E3F261C2512B52DC891AD0 /* Pods-iDocumentsTests.debug.xcconfig */ = {isa = PBXFileReference; includeInIndex = 1; lastKnownFileType = text.xcconfig; name = "Pods-iDocumentsTests.debug.xcconfig"; path = "Target Support Files/Pods-iDocumentsTests/Pods-iDocumentsTests.debug.xcconfig"; sourceTree = "<group>"; };
		7675ECC0CF612727A15A2F23 /* Pods_iDocumentsTests.framework */ = {isa = PBXFileReference; explicitFileType = wrapper.framework; includeInIndex = 0; path = Pods_iDocumentsTests.framework; sourceTree = BUILT_PRODUCTS_DIR; };
		7B0274E818EA2B984AEB4FAF /* Pods-iDocuments.debug.xcconfig */ = {isa = PBXFileReference; includeInIndex = 1; lastKnownFileType = text.xcconfig; name = "Pods-iDocuments.debug.xcconfig"; path = "Target Support Files/Pods-iDocuments/Pods-iDocuments.debug.xcconfig"; sourceTree = "<group>"; };
		84364E2329519C3600AAA84C /* DictionaryExtension.swift */ = {isa = PBXFileReference; lastKnownFileType = sourcecode.swift; path = DictionaryExtension.swift; sourceTree = "<group>"; };
		846DB372295079DF0092A271 /* DocumentTableCell.swift */ = {isa = PBXFileReference; lastKnownFileType = sourcecode.swift; path = DocumentTableCell.swift; sourceTree = "<group>"; };
		849161B929504728002E3AB8 /* ListDocumentsViewModelProvider.swift */ = {isa = PBXFileReference; lastKnownFileType = sourcecode.swift; path = ListDocumentsViewModelProvider.swift; sourceTree = "<group>"; };
		8495CDE2294FA36A003176CC /* ListDocumentsViewModel.swift */ = {isa = PBXFileReference; lastKnownFileType = sourcecode.swift; path = ListDocumentsViewModel.swift; sourceTree = "<group>"; };
		8495CDE5294FA5FA003176CC /* Bindable.swift */ = {isa = PBXFileReference; lastKnownFileType = sourcecode.swift; path = Bindable.swift; sourceTree = "<group>"; };
		8495CDE9294FA6DA003176CC /* Document.swift */ = {isa = PBXFileReference; lastKnownFileType = sourcecode.swift; path = Document.swift; sourceTree = "<group>"; };
		8495CDED294FA9A7003176CC /* DocumentServices.swift */ = {isa = PBXFileReference; lastKnownFileType = sourcecode.swift; path = DocumentServices.swift; sourceTree = "<group>"; };
		8495CDF1294FACC1003176CC /* DocumentServicesContract.swift */ = {isa = PBXFileReference; lastKnownFileType = sourcecode.swift; path = DocumentServicesContract.swift; sourceTree = "<group>"; };
		8495CDF4294FB4AC003176CC /* DocumentDataMapper.swift */ = {isa = PBXFileReference; lastKnownFileType = sourcecode.swift; path = DocumentDataMapper.swift; sourceTree = "<group>"; };
		8495CDF8294FBC53003176CC /* DocumentServicesProvider.swift */ = {isa = PBXFileReference; lastKnownFileType = sourcecode.swift; path = DocumentServicesProvider.swift; sourceTree = "<group>"; };
		8495CDFB294FBD0B003176CC /* ListDocumentsUsecase.swift */ = {isa = PBXFileReference; lastKnownFileType = sourcecode.swift; path = ListDocumentsUsecase.swift; sourceTree = "<group>"; };
		8495CDFE294FC33D003176CC /* ListDocumentsUsecaseContract.swift */ = {isa = PBXFileReference; lastKnownFileType = sourcecode.swift; path = ListDocumentsUsecaseContract.swift; sourceTree = "<group>"; };
		8495CE01294FC7D4003176CC /* ListDocumentsUsecaseProvider.swift */ = {isa = PBXFileReference; lastKnownFileType = sourcecode.swift; path = ListDocumentsUsecaseProvider.swift; sourceTree = "<group>"; };
		84EC91A229545128002CD0C0 /* DocumentDetailsViewController.swift */ = {isa = PBXFileReference; lastKnownFileType = sourcecode.swift; path = DocumentDetailsViewController.swift; sourceTree = "<group>"; };
		84EC91A429545301002CD0C0 /* DocumentDetailsViewModel.swift */ = {isa = PBXFileReference; lastKnownFileType = sourcecode.swift; path = DocumentDetailsViewModel.swift; sourceTree = "<group>"; };
		84EC91A829545386002CD0C0 /* DocumentDetailsViewModelProvider.swift */ = {isa = PBXFileReference; lastKnownFileType = sourcecode.swift; path = DocumentDetailsViewModelProvider.swift; sourceTree = "<group>"; };
		84EC91AA295461CA002CD0C0 /* DocumentTitleTableCell.swift */ = {isa = PBXFileReference; lastKnownFileType = sourcecode.swift; path = DocumentTitleTableCell.swift; sourceTree = "<group>"; };
		84EC91AC29546AC5002CD0C0 /* DocumentAuthorTableCell.swift */ = {isa = PBXFileReference; lastKnownFileType = sourcecode.swift; path = DocumentAuthorTableCell.swift; sourceTree = "<group>"; };
		84EC91AE29546B0E002CD0C0 /* DocumentCoverTableCell.swift */ = {isa = PBXFileReference; lastKnownFileType = sourcecode.swift; path = DocumentCoverTableCell.swift; sourceTree = "<group>"; };
		84FB21F4294F4C2A00619226 /* iDocuments.app */ = {isa = PBXFileReference; explicitFileType = wrapper.application; includeInIndex = 0; path = iDocuments.app; sourceTree = BUILT_PRODUCTS_DIR; };
		84FB21F7294F4C2A00619226 /* AppDelegate.swift */ = {isa = PBXFileReference; lastKnownFileType = sourcecode.swift; path = AppDelegate.swift; sourceTree = "<group>"; };
		84FB21FB294F4C2A00619226 /* ListDocumentsViewController.swift */ = {isa = PBXFileReference; lastKnownFileType = sourcecode.swift; path = ListDocumentsViewController.swift; sourceTree = "<group>"; };
		84FB21FE294F4C2A00619226 /* Base */ = {isa = PBXFileReference; lastKnownFileType = file.storyboard; name = Base; path = Base.lproj/Main.storyboard; sourceTree = "<group>"; };
		84FB2200294F4C2C00619226 /* Assets.xcassets */ = {isa = PBXFileReference; lastKnownFileType = folder.assetcatalog; path = Assets.xcassets; sourceTree = "<group>"; };
		84FB2203294F4C2C00619226 /* Base */ = {isa = PBXFileReference; lastKnownFileType = file.storyboard; name = Base; path = Base.lproj/LaunchScreen.storyboard; sourceTree = "<group>"; };
		84FB2205294F4C2C00619226 /* Info.plist */ = {isa = PBXFileReference; lastKnownFileType = text.plist.xml; path = Info.plist; sourceTree = "<group>"; };
		84FB220A294F4C2C00619226 /* iDocumentsTests.xctest */ = {isa = PBXFileReference; explicitFileType = wrapper.cfbundle; includeInIndex = 0; path = iDocumentsTests.xctest; sourceTree = BUILT_PRODUCTS_DIR; };
		84FB220E294F4C2C00619226 /* iDocumentsTests.swift */ = {isa = PBXFileReference; lastKnownFileType = sourcecode.swift; path = iDocumentsTests.swift; sourceTree = "<group>"; };
		84FB2214294F4C2C00619226 /* iDocumentsUITests.xctest */ = {isa = PBXFileReference; explicitFileType = wrapper.cfbundle; includeInIndex = 0; path = iDocumentsUITests.xctest; sourceTree = BUILT_PRODUCTS_DIR; };
		84FB2218294F4C2C00619226 /* iDocumentsUITests.swift */ = {isa = PBXFileReference; lastKnownFileType = sourcecode.swift; path = iDocumentsUITests.swift; sourceTree = "<group>"; };
		84FB221A294F4C2C00619226 /* iDocumentsUITestsLaunchTests.swift */ = {isa = PBXFileReference; lastKnownFileType = sourcecode.swift; path = iDocumentsUITestsLaunchTests.swift; sourceTree = "<group>"; };
		84FB222D294F536300619226 /* StatusCode.swift */ = {isa = PBXFileReference; lastKnownFileType = sourcecode.swift; path = StatusCode.swift; sourceTree = "<group>"; };
		84FB222F294F539E00619226 /* WebserviceManager.swift */ = {isa = PBXFileReference; lastKnownFileType = sourcecode.swift; path = WebserviceManager.swift; sourceTree = "<group>"; };
		84FB2231294F53F500619226 /* WebserviceUrl.swift */ = {isa = PBXFileReference; lastKnownFileType = sourcecode.swift; path = WebserviceUrl.swift; sourceTree = "<group>"; };
		A6046771C4E9E58C0362C3B5 /* Pods_iDocuments.framework */ = {isa = PBXFileReference; explicitFileType = wrapper.framework; includeInIndex = 0; path = Pods_iDocuments.framework; sourceTree = BUILT_PRODUCTS_DIR; };
		BB923CD86EA172BCE42007C8 /* Pods_iDocuments_iDocumentsUITests.framework */ = {isa = PBXFileReference; explicitFileType = wrapper.framework; includeInIndex = 0; path = Pods_iDocuments_iDocumentsUITests.framework; sourceTree = BUILT_PRODUCTS_DIR; };
/* End PBXFileReference section */

/* Begin PBXFrameworksBuildPhase section */
		84FB21F1294F4C2A00619226 /* Frameworks */ = {
			isa = PBXFrameworksBuildPhase;
			buildActionMask = 2147483647;
			files = (
				657F696B65DE0A4182853D7A /* Pods_iDocuments.framework in Frameworks */,
			);
			runOnlyForDeploymentPostprocessing = 0;
		};
		84FB2207294F4C2C00619226 /* Frameworks */ = {
			isa = PBXFrameworksBuildPhase;
			buildActionMask = 2147483647;
			files = (
				12806E290FC9F8EEB03AD7A6 /* Pods_iDocumentsTests.framework in Frameworks */,
			);
			runOnlyForDeploymentPostprocessing = 0;
		};
		84FB2211294F4C2C00619226 /* Frameworks */ = {
			isa = PBXFrameworksBuildPhase;
			buildActionMask = 2147483647;
			files = (
				090603ABF665143BD342C4D4 /* Pods_iDocuments_iDocumentsUITests.framework in Frameworks */,
			);
			runOnlyForDeploymentPostprocessing = 0;
		};
/* End PBXFrameworksBuildPhase section */

/* Begin PBXGroup section */
		0433E8AE4156F541AD58C8DC /* Pods */ = {
			isa = PBXGroup;
			children = (
				7B0274E818EA2B984AEB4FAF /* Pods-iDocuments.debug.xcconfig */,
				5CF15BCF600FBC0E244A8F46 /* Pods-iDocuments.release.xcconfig */,
				3C9C11AFD54DAA18CE36B7FE /* Pods-iDocuments-iDocumentsUITests.debug.xcconfig */,
				1705A97CFE66D1055CB05A8F /* Pods-iDocuments-iDocumentsUITests.release.xcconfig */,
				69E3F261C2512B52DC891AD0 /* Pods-iDocumentsTests.debug.xcconfig */,
				0D08B409F2FA0EFC406D89C3 /* Pods-iDocumentsTests.release.xcconfig */,
			);
			path = Pods;
			sourceTree = "<group>";
		};
		821D7070E7669FB8C605791C /* Frameworks */ = {
			isa = PBXGroup;
			children = (
				A6046771C4E9E58C0362C3B5 /* Pods_iDocuments.framework */,
				BB923CD86EA172BCE42007C8 /* Pods_iDocuments_iDocumentsUITests.framework */,
				7675ECC0CF612727A15A2F23 /* Pods_iDocumentsTests.framework */,
			);
			name = Frameworks;
			sourceTree = "<group>";
		};
		841530C8294F9E8C005E4279 /* features */ = {
			isa = PBXGroup;
			children = (
				84EC919E29544FA4002CD0C0 /* document details */,
				841530C9294F9F6C005E4279 /* list documents */,
			);
			path = features;
			sourceTree = "<group>";
		};
		841530C9294F9F6C005E4279 /* list documents */ = {
			isa = PBXGroup;
			children = (
				8495CDEB294FA976003176CC /* data */,
				8495CDF6294FBC05003176CC /* dependencies */,
				8495CDE7294FA69F003176CC /* domain */,
				841530CA294F9F91005E4279 /* presentation */,
			);
			path = "list documents";
			sourceTree = "<group>";
		};
		841530CA294F9F91005E4279 /* presentation */ = {
			isa = PBXGroup;
			children = (
				846DB372295079DF0092A271 /* DocumentTableCell.swift */,
				84FB21FB294F4C2A00619226 /* ListDocumentsViewController.swift */,
				8495CDE2294FA36A003176CC /* ListDocumentsViewModel.swift */,
			);
			path = presentation;
			sourceTree = "<group>";
		};
		841530CB294F9FEF005E4279 /* storyboards */ = {
			isa = PBXGroup;
			children = (
				84FB2202294F4C2C00619226 /* LaunchScreen.storyboard */,
				84FB21FD294F4C2A00619226 /* Main.storyboard */,
			);
			path = storyboards;
			sourceTree = "<group>";
		};
		84364E2229519C1600AAA84C /* extensions */ = {
			isa = PBXGroup;
			children = (
				84364E2329519C3600AAA84C /* DictionaryExtension.swift */,
			);
			path = extensions;
			sourceTree = "<group>";
		};
		849161B829504662002E3AB8 /* viewmodels providers */ = {
			isa = PBXGroup;
			children = (
				849161B929504728002E3AB8 /* ListDocumentsViewModelProvider.swift */,
			);
			path = "viewmodels providers";
			sourceTree = "<group>";
		};
		8495CDE4294FA5B8003176CC /* bindable */ = {
			isa = PBXGroup;
			children = (
				8495CDE5294FA5FA003176CC /* Bindable.swift */,
			);
			path = bindable;
			sourceTree = "<group>";
		};
		8495CDE7294FA69F003176CC /* domain */ = {
			isa = PBXGroup;
			children = (
				8495CDEF294FAC55003176CC /* contracts */,
				8495CDE8294FA6C4003176CC /* entities */,
				8495CDFA294FBCD8003176CC /* usecases */,
			);
			path = domain;
			sourceTree = "<group>";
		};
		8495CDE8294FA6C4003176CC /* entities */ = {
			isa = PBXGroup;
			children = (
				8495CDE9294FA6DA003176CC /* Document.swift */,
			);
			path = entities;
			sourceTree = "<group>";
		};
		8495CDEB294FA976003176CC /* data */ = {
			isa = PBXGroup;
			children = (
				8495CDF3294FB482003176CC /* mappers */,
				8495CDEC294FA97E003176CC /* services */,
			);
			path = data;
			sourceTree = "<group>";
		};
		8495CDEC294FA97E003176CC /* services */ = {
			isa = PBXGroup;
			children = (
				8495CDED294FA9A7003176CC /* DocumentServices.swift */,
			);
			path = services;
			sourceTree = "<group>";
		};
		8495CDEF294FAC55003176CC /* contracts */ = {
			isa = PBXGroup;
			children = (
				8495CDF0294FAC72003176CC /* services contracts */,
				8495CDFD294FC314003176CC /* usecases contracts */,
			);
			path = contracts;
			sourceTree = "<group>";
		};
		8495CDF0294FAC72003176CC /* services contracts */ = {
			isa = PBXGroup;
			children = (
				8495CDF1294FACC1003176CC /* DocumentServicesContract.swift */,
			);
			path = "services contracts";
			sourceTree = "<group>";
		};
		8495CDF3294FB482003176CC /* mappers */ = {
			isa = PBXGroup;
			children = (
				8495CDF4294FB4AC003176CC /* DocumentDataMapper.swift */,
			);
			path = mappers;
			sourceTree = "<group>";
		};
		8495CDF6294FBC05003176CC /* dependencies */ = {
			isa = PBXGroup;
			children = (
				8495CDF7294FBC2E003176CC /* services providers */,
				8495CE00294FC651003176CC /* usecases providers */,
				849161B829504662002E3AB8 /* viewmodels providers */,
			);
			path = dependencies;
			sourceTree = "<group>";
		};
		8495CDF7294FBC2E003176CC /* services providers */ = {
			isa = PBXGroup;
			children = (
				8495CDF8294FBC53003176CC /* DocumentServicesProvider.swift */,
			);
			path = "services providers";
			sourceTree = "<group>";
		};
		8495CDFA294FBCD8003176CC /* usecases */ = {
			isa = PBXGroup;
			children = (
				8495CDFB294FBD0B003176CC /* ListDocumentsUsecase.swift */,
			);
			path = usecases;
			sourceTree = "<group>";
		};
		8495CDFD294FC314003176CC /* usecases contracts */ = {
			isa = PBXGroup;
			children = (
				8495CDFE294FC33D003176CC /* ListDocumentsUsecaseContract.swift */,
			);
			path = "usecases contracts";
			sourceTree = "<group>";
		};
		8495CE00294FC651003176CC /* usecases providers */ = {
			isa = PBXGroup;
			children = (
				8495CE01294FC7D4003176CC /* ListDocumentsUsecaseProvider.swift */,
			);
			path = "usecases providers";
			sourceTree = "<group>";
		};
		84EC919E29544FA4002CD0C0 /* document details */ = {
			isa = PBXGroup;
			children = (
				84EC91A629545360002CD0C0 /* dependencies */,
				84EC919F29545095002CD0C0 /* presentation */,
			);
			path = "document details";
			sourceTree = "<group>";
		};
		84EC919F29545095002CD0C0 /* presentation */ = {
			isa = PBXGroup;
			children = (
				84EC91AC29546AC5002CD0C0 /* DocumentAuthorTableCell.swift */,
				84EC91AE29546B0E002CD0C0 /* DocumentCoverTableCell.swift */,
				84EC91A229545128002CD0C0 /* DocumentDetailsViewController.swift */,
				84EC91A429545301002CD0C0 /* DocumentDetailsViewModel.swift */,
				84EC91AA295461CA002CD0C0 /* DocumentTitleTableCell.swift */,
			);
			path = presentation;
			sourceTree = "<group>";
		};
		84EC91A629545360002CD0C0 /* dependencies */ = {
			isa = PBXGroup;
			children = (
				84EC91A72954536B002CD0C0 /* viewmodels providers */,
			);
			path = dependencies;
			sourceTree = "<group>";
		};
		84EC91A72954536B002CD0C0 /* viewmodels providers */ = {
			isa = PBXGroup;
			children = (
				84EC91A829545386002CD0C0 /* DocumentDetailsViewModelProvider.swift */,
			);
			path = "viewmodels providers";
			sourceTree = "<group>";
		};
		84FB21EB294F4C2A00619226 = {
			isa = PBXGroup;
			children = (
				84FB21F6294F4C2A00619226 /* iDocuments */,
				84FB220D294F4C2C00619226 /* iDocumentsTests */,
				84FB2217294F4C2C00619226 /* iDocumentsUITests */,
				84FB21F5294F4C2A00619226 /* Products */,
				0433E8AE4156F541AD58C8DC /* Pods */,
				821D7070E7669FB8C605791C /* Frameworks */,
			);
			sourceTree = "<group>";
		};
		84FB21F5294F4C2A00619226 /* Products */ = {
			isa = PBXGroup;
			children = (
				84FB21F4294F4C2A00619226 /* iDocuments.app */,
				84FB220A294F4C2C00619226 /* iDocumentsTests.xctest */,
				84FB2214294F4C2C00619226 /* iDocumentsUITests.xctest */,
			);
			name = Products;
			sourceTree = "<group>";
		};
		84FB21F6294F4C2A00619226 /* iDocuments */ = {
			isa = PBXGroup;
			children = (
				84FB2228294F52E100619226 /* common */,
				841530C8294F9E8C005E4279 /* features */,
				84FB2227294F4D7500619226 /* main */,
				841530CB294F9FEF005E4279 /* storyboards */,
			);
			path = iDocuments;
			sourceTree = "<group>";
		};
		84FB220D294F4C2C00619226 /* iDocumentsTests */ = {
			isa = PBXGroup;
			children = (
				84FB220E294F4C2C00619226 /* iDocumentsTests.swift */,
			);
			path = iDocumentsTests;
			sourceTree = "<group>";
		};
		84FB2217294F4C2C00619226 /* iDocumentsUITests */ = {
			isa = PBXGroup;
			children = (
				84FB2218294F4C2C00619226 /* iDocumentsUITests.swift */,
				84FB221A294F4C2C00619226 /* iDocumentsUITestsLaunchTests.swift */,
			);
			path = iDocumentsUITests;
			sourceTree = "<group>";
		};
		84FB2227294F4D7500619226 /* main */ = {
			isa = PBXGroup;
			children = (
				84FB21F7294F4C2A00619226 /* AppDelegate.swift */,
				84FB2200294F4C2C00619226 /* Assets.xcassets */,
				84FB2205294F4C2C00619226 /* Info.plist */,
			);
			path = main;
			sourceTree = "<group>";
		};
		84FB2228294F52E100619226 /* common */ = {
			isa = PBXGroup;
			children = (
				84FB2229294F52F500619226 /* classes */,
				84364E2229519C1600AAA84C /* extensions */,
			);
			path = common;
			sourceTree = "<group>";
		};
		84FB2229294F52F500619226 /* classes */ = {
			isa = PBXGroup;
			children = (
				8495CDE4294FA5B8003176CC /* bindable */,
				84FB222A294F530300619226 /* webservice */,
			);
			path = classes;
			sourceTree = "<group>";
		};
		84FB222A294F530300619226 /* webservice */ = {
			isa = PBXGroup;
			children = (
				84FB222D294F536300619226 /* StatusCode.swift */,
				84FB222F294F539E00619226 /* WebserviceManager.swift */,
				84FB2231294F53F500619226 /* WebserviceUrl.swift */,
			);
			path = webservice;
			sourceTree = "<group>";
		};
/* End PBXGroup section */

/* Begin PBXNativeTarget section */
		84FB21F3294F4C2A00619226 /* iDocuments */ = {
			isa = PBXNativeTarget;
			buildConfigurationList = 84FB221E294F4C2C00619226 /* Build configuration list for PBXNativeTarget "iDocuments" */;
			buildPhases = (
				8C8835462DD0C3D93830C81F /* [CP] Check Pods Manifest.lock */,
				84FB21F0294F4C2A00619226 /* Sources */,
				84FB21F1294F4C2A00619226 /* Frameworks */,
				84FB21F2294F4C2A00619226 /* Resources */,
				4263457C9C4739C133737921 /* [CP] Embed Pods Frameworks */,
			);
			buildRules = (
			);
			dependencies = (
			);
			name = iDocuments;
			productName = iDocuments;
			productReference = 84FB21F4294F4C2A00619226 /* iDocuments.app */;
			productType = "com.apple.product-type.application";
		};
		84FB2209294F4C2C00619226 /* iDocumentsTests */ = {
			isa = PBXNativeTarget;
			buildConfigurationList = 84FB2221294F4C2C00619226 /* Build configuration list for PBXNativeTarget "iDocumentsTests" */;
			buildPhases = (
				8EB2C2F9960AF33175D5A2E5 /* [CP] Check Pods Manifest.lock */,
				84FB2206294F4C2C00619226 /* Sources */,
				84FB2207294F4C2C00619226 /* Frameworks */,
				84FB2208294F4C2C00619226 /* Resources */,
			);
			buildRules = (
			);
			dependencies = (
				84FB220C294F4C2C00619226 /* PBXTargetDependency */,
			);
			name = iDocumentsTests;
			productName = iDocumentsTests;
			productReference = 84FB220A294F4C2C00619226 /* iDocumentsTests.xctest */;
			productType = "com.apple.product-type.bundle.unit-test";
		};
		84FB2213294F4C2C00619226 /* iDocumentsUITests */ = {
			isa = PBXNativeTarget;
			buildConfigurationList = 84FB2224294F4C2C00619226 /* Build configuration list for PBXNativeTarget "iDocumentsUITests" */;
			buildPhases = (
				AD7BFD8BD258A29175FF7C32 /* [CP] Check Pods Manifest.lock */,
				84FB2210294F4C2C00619226 /* Sources */,
				84FB2211294F4C2C00619226 /* Frameworks */,
				84FB2212294F4C2C00619226 /* Resources */,
				C5B01EC8F0C5E22AC4A4C383 /* [CP] Embed Pods Frameworks */,
			);
			buildRules = (
			);
			dependencies = (
				84FB2216294F4C2C00619226 /* PBXTargetDependency */,
			);
			name = iDocumentsUITests;
			productName = iDocumentsUITests;
			productReference = 84FB2214294F4C2C00619226 /* iDocumentsUITests.xctest */;
			productType = "com.apple.product-type.bundle.ui-testing";
		};
/* End PBXNativeTarget section */

/* Begin PBXProject section */
		84FB21EC294F4C2A00619226 /* Project object */ = {
			isa = PBXProject;
			attributes = {
				BuildIndependentTargetsInParallel = 1;
				LastSwiftUpdateCheck = 1340;
				LastUpgradeCheck = 1340;
				TargetAttributes = {
					84FB21F3294F4C2A00619226 = {
						CreatedOnToolsVersion = 13.4.1;
					};
					84FB2209294F4C2C00619226 = {
						CreatedOnToolsVersion = 13.4.1;
						TestTargetID = 84FB21F3294F4C2A00619226;
					};
					84FB2213294F4C2C00619226 = {
						CreatedOnToolsVersion = 13.4.1;
						TestTargetID = 84FB21F3294F4C2A00619226;
					};
				};
			};
			buildConfigurationList = 84FB21EF294F4C2A00619226 /* Build configuration list for PBXProject "iDocuments" */;
			compatibilityVersion = "Xcode 13.0";
			developmentRegion = en;
			hasScannedForEncodings = 0;
			knownRegions = (
				en,
				Base,
			);
			mainGroup = 84FB21EB294F4C2A00619226;
			productRefGroup = 84FB21F5294F4C2A00619226 /* Products */;
			projectDirPath = "";
			projectRoot = "";
			targets = (
				84FB21F3294F4C2A00619226 /* iDocuments */,
				84FB2209294F4C2C00619226 /* iDocumentsTests */,
				84FB2213294F4C2C00619226 /* iDocumentsUITests */,
			);
		};
/* End PBXProject section */

/* Begin PBXResourcesBuildPhase section */
		84FB21F2294F4C2A00619226 /* Resources */ = {
			isa = PBXResourcesBuildPhase;
			buildActionMask = 2147483647;
			files = (
				84FB2204294F4C2C00619226 /* LaunchScreen.storyboard in Resources */,
				84FB2201294F4C2C00619226 /* Assets.xcassets in Resources */,
				84FB21FF294F4C2A00619226 /* Main.storyboard in Resources */,
			);
			runOnlyForDeploymentPostprocessing = 0;
		};
		84FB2208294F4C2C00619226 /* Resources */ = {
			isa = PBXResourcesBuildPhase;
			buildActionMask = 2147483647;
			files = (
			);
			runOnlyForDeploymentPostprocessing = 0;
		};
		84FB2212294F4C2C00619226 /* Resources */ = {
			isa = PBXResourcesBuildPhase;
			buildActionMask = 2147483647;
			files = (
			);
			runOnlyForDeploymentPostprocessing = 0;
		};
/* End PBXResourcesBuildPhase section */

/* Begin PBXShellScriptBuildPhase section */
		4263457C9C4739C133737921 /* [CP] Embed Pods Frameworks */ = {
			isa = PBXShellScriptBuildPhase;
			buildActionMask = 2147483647;
			files = (
			);
			inputFileListPaths = (
				"${PODS_ROOT}/Target Support Files/Pods-iDocuments/Pods-iDocuments-frameworks-${CONFIGURATION}-input-files.xcfilelist",
			);
			name = "[CP] Embed Pods Frameworks";
			outputFileListPaths = (
				"${PODS_ROOT}/Target Support Files/Pods-iDocuments/Pods-iDocuments-frameworks-${CONFIGURATION}-output-files.xcfilelist",
			);
			runOnlyForDeploymentPostprocessing = 0;
			shellPath = /bin/sh;
			shellScript = "\"${PODS_ROOT}/Target Support Files/Pods-iDocuments/Pods-iDocuments-frameworks.sh\"\n";
			showEnvVarsInLog = 0;
		};
		8C8835462DD0C3D93830C81F /* [CP] Check Pods Manifest.lock */ = {
			isa = PBXShellScriptBuildPhase;
			buildActionMask = 2147483647;
			files = (
			);
			inputFileListPaths = (
			);
			inputPaths = (
				"${PODS_PODFILE_DIR_PATH}/Podfile.lock",
				"${PODS_ROOT}/Manifest.lock",
			);
			name = "[CP] Check Pods Manifest.lock";
			outputFileListPaths = (
			);
			outputPaths = (
				"$(DERIVED_FILE_DIR)/Pods-iDocuments-checkManifestLockResult.txt",
			);
			runOnlyForDeploymentPostprocessing = 0;
			shellPath = /bin/sh;
			shellScript = "diff \"${PODS_PODFILE_DIR_PATH}/Podfile.lock\" \"${PODS_ROOT}/Manifest.lock\" > /dev/null\nif [ $? != 0 ] ; then\n    # print error to STDERR\n    echo \"error: The sandbox is not in sync with the Podfile.lock. Run 'pod install' or update your CocoaPods installation.\" >&2\n    exit 1\nfi\n# This output is used by Xcode 'outputs' to avoid re-running this script phase.\necho \"SUCCESS\" > \"${SCRIPT_OUTPUT_FILE_0}\"\n";
			showEnvVarsInLog = 0;
		};
		8EB2C2F9960AF33175D5A2E5 /* [CP] Check Pods Manifest.lock */ = {
			isa = PBXShellScriptBuildPhase;
			buildActionMask = 2147483647;
			files = (
			);
			inputFileListPaths = (
			);
			inputPaths = (
				"${PODS_PODFILE_DIR_PATH}/Podfile.lock",
				"${PODS_ROOT}/Manifest.lock",
			);
			name = "[CP] Check Pods Manifest.lock";
			outputFileListPaths = (
			);
			outputPaths = (
				"$(DERIVED_FILE_DIR)/Pods-iDocumentsTests-checkManifestLockResult.txt",
			);
			runOnlyForDeploymentPostprocessing = 0;
			shellPath = /bin/sh;
			shellScript = "diff \"${PODS_PODFILE_DIR_PATH}/Podfile.lock\" \"${PODS_ROOT}/Manifest.lock\" > /dev/null\nif [ $? != 0 ] ; then\n    # print error to STDERR\n    echo \"error: The sandbox is not in sync with the Podfile.lock. Run 'pod install' or update your CocoaPods installation.\" >&2\n    exit 1\nfi\n# This output is used by Xcode 'outputs' to avoid re-running this script phase.\necho \"SUCCESS\" > \"${SCRIPT_OUTPUT_FILE_0}\"\n";
			showEnvVarsInLog = 0;
		};
		AD7BFD8BD258A29175FF7C32 /* [CP] Check Pods Manifest.lock */ = {
			isa = PBXShellScriptBuildPhase;
			buildActionMask = 2147483647;
			files = (
			);
			inputFileListPaths = (
			);
			inputPaths = (
				"${PODS_PODFILE_DIR_PATH}/Podfile.lock",
				"${PODS_ROOT}/Manifest.lock",
			);
			name = "[CP] Check Pods Manifest.lock";
			outputFileListPaths = (
			);
			outputPaths = (
				"$(DERIVED_FILE_DIR)/Pods-iDocuments-iDocumentsUITests-checkManifestLockResult.txt",
			);
			runOnlyForDeploymentPostprocessing = 0;
			shellPath = /bin/sh;
			shellScript = "diff \"${PODS_PODFILE_DIR_PATH}/Podfile.lock\" \"${PODS_ROOT}/Manifest.lock\" > /dev/null\nif [ $? != 0 ] ; then\n    # print error to STDERR\n    echo \"error: The sandbox is not in sync with the Podfile.lock. Run 'pod install' or update your CocoaPods installation.\" >&2\n    exit 1\nfi\n# This output is used by Xcode 'outputs' to avoid re-running this script phase.\necho \"SUCCESS\" > \"${SCRIPT_OUTPUT_FILE_0}\"\n";
			showEnvVarsInLog = 0;
		};
		C5B01EC8F0C5E22AC4A4C383 /* [CP] Embed Pods Frameworks */ = {
			isa = PBXShellScriptBuildPhase;
			buildActionMask = 2147483647;
			files = (
			);
			inputFileListPaths = (
				"${PODS_ROOT}/Target Support Files/Pods-iDocuments-iDocumentsUITests/Pods-iDocuments-iDocumentsUITests-frameworks-${CONFIGURATION}-input-files.xcfilelist",
			);
			name = "[CP] Embed Pods Frameworks";
			outputFileListPaths = (
				"${PODS_ROOT}/Target Support Files/Pods-iDocuments-iDocumentsUITests/Pods-iDocuments-iDocumentsUITests-frameworks-${CONFIGURATION}-output-files.xcfilelist",
			);
			runOnlyForDeploymentPostprocessing = 0;
			shellPath = /bin/sh;
			shellScript = "\"${PODS_ROOT}/Target Support Files/Pods-iDocuments-iDocumentsUITests/Pods-iDocuments-iDocumentsUITests-frameworks.sh\"\n";
			showEnvVarsInLog = 0;
		};
/* End PBXShellScriptBuildPhase section */

/* Begin PBXSourcesBuildPhase section */
		84FB21F0294F4C2A00619226 /* Sources */ = {
			isa = PBXSourcesBuildPhase;
			buildActionMask = 2147483647;
			files = (
				8495CDF5294FB4AC003176CC /* DocumentDataMapper.swift in Sources */,
				8495CDEA294FA6DA003176CC /* Document.swift in Sources */,
				84EC91AB295461CA002CD0C0 /* DocumentTitleTableCell.swift in Sources */,
				84FB2230294F539E00619226 /* WebserviceManager.swift in Sources */,
				8495CDF9294FBC53003176CC /* DocumentServicesProvider.swift in Sources */,
				849161BA29504728002E3AB8 /* ListDocumentsViewModelProvider.swift in Sources */,
				8495CDE6294FA5FA003176CC /* Bindable.swift in Sources */,
				84FB21FC294F4C2A00619226 /* ListDocumentsViewController.swift in Sources */,
				8495CDF2294FACC1003176CC /* DocumentServicesContract.swift in Sources */,
				84FB2232294F53F500619226 /* WebserviceUrl.swift in Sources */,
				84364E2429519C3600AAA84C /* DictionaryExtension.swift in Sources */,
				84EC91A529545301002CD0C0 /* DocumentDetailsViewModel.swift in Sources */,
				8495CDFC294FBD0B003176CC /* ListDocumentsUsecase.swift in Sources */,
				84FB21F8294F4C2A00619226 /* AppDelegate.swift in Sources */,
				8495CDFF294FC33D003176CC /* ListDocumentsUsecaseContract.swift in Sources */,
				8495CDEE294FA9A7003176CC /* DocumentServices.swift in Sources */,
				84EC91A329545128002CD0C0 /* DocumentDetailsViewController.swift in Sources */,
				84EC91A929545386002CD0C0 /* DocumentDetailsViewModelProvider.swift in Sources */,
				84FB222E294F536300619226 /* StatusCode.swift in Sources */,
				84EC91AD29546AC5002CD0C0 /* DocumentAuthorTableCell.swift in Sources */,
				8495CDE3294FA36A003176CC /* ListDocumentsViewModel.swift in Sources */,
				84EC91AF29546B0E002CD0C0 /* DocumentCoverTableCell.swift in Sources */,
				846DB373295079DF0092A271 /* DocumentTableCell.swift in Sources */,
				8495CE02294FC7D4003176CC /* ListDocumentsUsecaseProvider.swift in Sources */,
			);
			runOnlyForDeploymentPostprocessing = 0;
		};
		84FB2206294F4C2C00619226 /* Sources */ = {
			isa = PBXSourcesBuildPhase;
			buildActionMask = 2147483647;
			files = (
				84FB220F294F4C2C00619226 /* iDocumentsTests.swift in Sources */,
			);
			runOnlyForDeploymentPostprocessing = 0;
		};
		84FB2210294F4C2C00619226 /* Sources */ = {
			isa = PBXSourcesBuildPhase;
			buildActionMask = 2147483647;
			files = (
				84FB2219294F4C2C00619226 /* iDocumentsUITests.swift in Sources */,
				84FB221B294F4C2C00619226 /* iDocumentsUITestsLaunchTests.swift in Sources */,
			);
			runOnlyForDeploymentPostprocessing = 0;
		};
/* End PBXSourcesBuildPhase section */

/* Begin PBXTargetDependency section */
		84FB220C294F4C2C00619226 /* PBXTargetDependency */ = {
			isa = PBXTargetDependency;
			target = 84FB21F3294F4C2A00619226 /* iDocuments */;
			targetProxy = 84FB220B294F4C2C00619226 /* PBXContainerItemProxy */;
		};
		84FB2216294F4C2C00619226 /* PBXTargetDependency */ = {
			isa = PBXTargetDependency;
			target = 84FB21F3294F4C2A00619226 /* iDocuments */;
			targetProxy = 84FB2215294F4C2C00619226 /* PBXContainerItemProxy */;
		};
/* End PBXTargetDependency section */

/* Begin PBXVariantGroup section */
		84FB21FD294F4C2A00619226 /* Main.storyboard */ = {
			isa = PBXVariantGroup;
			children = (
				84FB21FE294F4C2A00619226 /* Base */,
			);
			name = Main.storyboard;
			sourceTree = "<group>";
		};
		84FB2202294F4C2C00619226 /* LaunchScreen.storyboard */ = {
			isa = PBXVariantGroup;
			children = (
				84FB2203294F4C2C00619226 /* Base */,
			);
			name = LaunchScreen.storyboard;
			sourceTree = "<group>";
		};
/* End PBXVariantGroup section */

/* Begin XCBuildConfiguration section */
		84FB221C294F4C2C00619226 /* Debug */ = {
			isa = XCBuildConfiguration;
			buildSettings = {
				ALWAYS_SEARCH_USER_PATHS = NO;
				CLANG_ANALYZER_NONNULL = YES;
				CLANG_ANALYZER_NUMBER_OBJECT_CONVERSION = YES_AGGRESSIVE;
				CLANG_CXX_LANGUAGE_STANDARD = "gnu++17";
				CLANG_ENABLE_MODULES = YES;
				CLANG_ENABLE_OBJC_ARC = YES;
				CLANG_ENABLE_OBJC_WEAK = YES;
				CLANG_WARN_BLOCK_CAPTURE_AUTORELEASING = YES;
				CLANG_WARN_BOOL_CONVERSION = YES;
				CLANG_WARN_COMMA = YES;
				CLANG_WARN_CONSTANT_CONVERSION = YES;
				CLANG_WARN_DEPRECATED_OBJC_IMPLEMENTATIONS = YES;
				CLANG_WARN_DIRECT_OBJC_ISA_USAGE = YES_ERROR;
				CLANG_WARN_DOCUMENTATION_COMMENTS = YES;
				CLANG_WARN_EMPTY_BODY = YES;
				CLANG_WARN_ENUM_CONVERSION = YES;
				CLANG_WARN_INFINITE_RECURSION = YES;
				CLANG_WARN_INT_CONVERSION = YES;
				CLANG_WARN_NON_LITERAL_NULL_CONVERSION = YES;
				CLANG_WARN_OBJC_IMPLICIT_RETAIN_SELF = YES;
				CLANG_WARN_OBJC_LITERAL_CONVERSION = YES;
				CLANG_WARN_OBJC_ROOT_CLASS = YES_ERROR;
				CLANG_WARN_QUOTED_INCLUDE_IN_FRAMEWORK_HEADER = YES;
				CLANG_WARN_RANGE_LOOP_ANALYSIS = YES;
				CLANG_WARN_STRICT_PROTOTYPES = YES;
				CLANG_WARN_SUSPICIOUS_MOVE = YES;
				CLANG_WARN_UNGUARDED_AVAILABILITY = YES_AGGRESSIVE;
				CLANG_WARN_UNREACHABLE_CODE = YES;
				CLANG_WARN__DUPLICATE_METHOD_MATCH = YES;
				COPY_PHASE_STRIP = NO;
				DEBUG_INFORMATION_FORMAT = dwarf;
				ENABLE_STRICT_OBJC_MSGSEND = YES;
				ENABLE_TESTABILITY = YES;
				GCC_C_LANGUAGE_STANDARD = gnu11;
				GCC_DYNAMIC_NO_PIC = NO;
				GCC_NO_COMMON_BLOCKS = YES;
				GCC_OPTIMIZATION_LEVEL = 0;
				GCC_PREPROCESSOR_DEFINITIONS = (
					"DEBUG=1",
					"$(inherited)",
				);
				GCC_WARN_64_TO_32_BIT_CONVERSION = YES;
				GCC_WARN_ABOUT_RETURN_TYPE = YES_ERROR;
				GCC_WARN_UNDECLARED_SELECTOR = YES;
				GCC_WARN_UNINITIALIZED_AUTOS = YES_AGGRESSIVE;
				GCC_WARN_UNUSED_FUNCTION = YES;
				GCC_WARN_UNUSED_VARIABLE = YES;
				IPHONEOS_DEPLOYMENT_TARGET = 15.5;
				MTL_ENABLE_DEBUG_INFO = INCLUDE_SOURCE;
				MTL_FAST_MATH = YES;
				ONLY_ACTIVE_ARCH = YES;
				SDKROOT = iphoneos;
				SWIFT_ACTIVE_COMPILATION_CONDITIONS = DEBUG;
				SWIFT_OPTIMIZATION_LEVEL = "-Onone";
			};
			name = Debug;
		};
		84FB221D294F4C2C00619226 /* Release */ = {
			isa = XCBuildConfiguration;
			buildSettings = {
				ALWAYS_SEARCH_USER_PATHS = NO;
				CLANG_ANALYZER_NONNULL = YES;
				CLANG_ANALYZER_NUMBER_OBJECT_CONVERSION = YES_AGGRESSIVE;
				CLANG_CXX_LANGUAGE_STANDARD = "gnu++17";
				CLANG_ENABLE_MODULES = YES;
				CLANG_ENABLE_OBJC_ARC = YES;
				CLANG_ENABLE_OBJC_WEAK = YES;
				CLANG_WARN_BLOCK_CAPTURE_AUTORELEASING = YES;
				CLANG_WARN_BOOL_CONVERSION = YES;
				CLANG_WARN_COMMA = YES;
				CLANG_WARN_CONSTANT_CONVERSION = YES;
				CLANG_WARN_DEPRECATED_OBJC_IMPLEMENTATIONS = YES;
				CLANG_WARN_DIRECT_OBJC_ISA_USAGE = YES_ERROR;
				CLANG_WARN_DOCUMENTATION_COMMENTS = YES;
				CLANG_WARN_EMPTY_BODY = YES;
				CLANG_WARN_ENUM_CONVERSION = YES;
				CLANG_WARN_INFINITE_RECURSION = YES;
				CLANG_WARN_INT_CONVERSION = YES;
				CLANG_WARN_NON_LITERAL_NULL_CONVERSION = YES;
				CLANG_WARN_OBJC_IMPLICIT_RETAIN_SELF = YES;
				CLANG_WARN_OBJC_LITERAL_CONVERSION = YES;
				CLANG_WARN_OBJC_ROOT_CLASS = YES_ERROR;
				CLANG_WARN_QUOTED_INCLUDE_IN_FRAMEWORK_HEADER = YES;
				CLANG_WARN_RANGE_LOOP_ANALYSIS = YES;
				CLANG_WARN_STRICT_PROTOTYPES = YES;
				CLANG_WARN_SUSPICIOUS_MOVE = YES;
				CLANG_WARN_UNGUARDED_AVAILABILITY = YES_AGGRESSIVE;
				CLANG_WARN_UNREACHABLE_CODE = YES;
				CLANG_WARN__DUPLICATE_METHOD_MATCH = YES;
				COPY_PHASE_STRIP = NO;
				DEBUG_INFORMATION_FORMAT = "dwarf-with-dsym";
				ENABLE_NS_ASSERTIONS = NO;
				ENABLE_STRICT_OBJC_MSGSEND = YES;
				GCC_C_LANGUAGE_STANDARD = gnu11;
				GCC_NO_COMMON_BLOCKS = YES;
				GCC_WARN_64_TO_32_BIT_CONVERSION = YES;
				GCC_WARN_ABOUT_RETURN_TYPE = YES_ERROR;
				GCC_WARN_UNDECLARED_SELECTOR = YES;
				GCC_WARN_UNINITIALIZED_AUTOS = YES_AGGRESSIVE;
				GCC_WARN_UNUSED_FUNCTION = YES;
				GCC_WARN_UNUSED_VARIABLE = YES;
				IPHONEOS_DEPLOYMENT_TARGET = 15.5;
				MTL_ENABLE_DEBUG_INFO = NO;
				MTL_FAST_MATH = YES;
				SDKROOT = iphoneos;
				SWIFT_COMPILATION_MODE = wholemodule;
				SWIFT_OPTIMIZATION_LEVEL = "-O";
				VALIDATE_PRODUCT = YES;
			};
			name = Release;
		};
		84FB221F294F4C2C00619226 /* Debug */ = {
			isa = XCBuildConfiguration;
			baseConfigurationReference = 7B0274E818EA2B984AEB4FAF /* Pods-iDocuments.debug.xcconfig */;
			buildSettings = {
				ASSETCATALOG_COMPILER_APPICON_NAME = AppIcon;
				ASSETCATALOG_COMPILER_GLOBAL_ACCENT_COLOR_NAME = AccentColor;
				CODE_SIGN_STYLE = Automatic;
				CURRENT_PROJECT_VERSION = 1;
				GENERATE_INFOPLIST_FILE = YES;
				INFOPLIST_FILE = iDocuments/main/Info.plist;
				INFOPLIST_KEY_UIApplicationSupportsIndirectInputEvents = YES;
				INFOPLIST_KEY_UILaunchStoryboardName = LaunchScreen;
				INFOPLIST_KEY_UIMainStoryboardFile = Main;
				INFOPLIST_KEY_UISupportedInterfaceOrientations_iPad = "UIInterfaceOrientationPortrait UIInterfaceOrientationPortraitUpsideDown UIInterfaceOrientationLandscapeLeft UIInterfaceOrientationLandscapeRight";
				INFOPLIST_KEY_UISupportedInterfaceOrientations_iPhone = "UIInterfaceOrientationPortrait UIInterfaceOrientationLandscapeLeft UIInterfaceOrientationLandscapeRight";
				LD_RUNPATH_SEARCH_PATHS = (
					"$(inherited)",
					"@executable_path/Frameworks",
				);
				MARKETING_VERSION = 1.0;
				PRODUCT_BUNDLE_IDENTIFIER = com.HelloWorld.iDocuments;
				PRODUCT_NAME = "$(TARGET_NAME)";
				SWIFT_EMIT_LOC_STRINGS = YES;
				SWIFT_VERSION = 5.0;
				TARGETED_DEVICE_FAMILY = "1,2";
			};
			name = Debug;
		};
		84FB2220294F4C2C00619226 /* Release */ = {
			isa = XCBuildConfiguration;
			baseConfigurationReference = 5CF15BCF600FBC0E244A8F46 /* Pods-iDocuments.release.xcconfig */;
			buildSettings = {
				ASSETCATALOG_COMPILER_APPICON_NAME = AppIcon;
				ASSETCATALOG_COMPILER_GLOBAL_ACCENT_COLOR_NAME = AccentColor;
				CODE_SIGN_STYLE = Automatic;
				CURRENT_PROJECT_VERSION = 1;
				GENERATE_INFOPLIST_FILE = YES;
				INFOPLIST_FILE = iDocuments/main/Info.plist;
				INFOPLIST_KEY_UIApplicationSupportsIndirectInputEvents = YES;
				INFOPLIST_KEY_UILaunchStoryboardName = LaunchScreen;
				INFOPLIST_KEY_UIMainStoryboardFile = Main;
				INFOPLIST_KEY_UISupportedInterfaceOrientations_iPad = "UIInterfaceOrientationPortrait UIInterfaceOrientationPortraitUpsideDown UIInterfaceOrientationLandscapeLeft UIInterfaceOrientationLandscapeRight";
				INFOPLIST_KEY_UISupportedInterfaceOrientations_iPhone = "UIInterfaceOrientationPortrait UIInterfaceOrientationLandscapeLeft UIInterfaceOrientationLandscapeRight";
				LD_RUNPATH_SEARCH_PATHS = (
					"$(inherited)",
					"@executable_path/Frameworks",
				);
				MARKETING_VERSION = 1.0;
				PRODUCT_BUNDLE_IDENTIFIER = com.HelloWorld.iDocuments;
				PRODUCT_NAME = "$(TARGET_NAME)";
				SWIFT_EMIT_LOC_STRINGS = YES;
				SWIFT_VERSION = 5.0;
				TARGETED_DEVICE_FAMILY = "1,2";
			};
			name = Release;
		};
		84FB2222294F4C2C00619226 /* Debug */ = {
			isa = XCBuildConfiguration;
			baseConfigurationReference = 69E3F261C2512B52DC891AD0 /* Pods-iDocumentsTests.debug.xcconfig */;
			buildSettings = {
				ALWAYS_EMBED_SWIFT_STANDARD_LIBRARIES = YES;
				BUNDLE_LOADER = "$(TEST_HOST)";
				CODE_SIGN_STYLE = Automatic;
				CURRENT_PROJECT_VERSION = 1;
				GENERATE_INFOPLIST_FILE = YES;
				IPHONEOS_DEPLOYMENT_TARGET = 15.5;
				MARKETING_VERSION = 1.0;
				PRODUCT_BUNDLE_IDENTIFIER = com.HelloWorld.iDocumentsTests;
				PRODUCT_NAME = "$(TARGET_NAME)";
				SWIFT_EMIT_LOC_STRINGS = NO;
				SWIFT_VERSION = 5.0;
				TARGETED_DEVICE_FAMILY = "1,2";
				TEST_HOST = "$(BUILT_PRODUCTS_DIR)/iDocuments.app/iDocuments";
			};
			name = Debug;
		};
		84FB2223294F4C2C00619226 /* Release */ = {
			isa = XCBuildConfiguration;
			baseConfigurationReference = 0D08B409F2FA0EFC406D89C3 /* Pods-iDocumentsTests.release.xcconfig */;
			buildSettings = {
				ALWAYS_EMBED_SWIFT_STANDARD_LIBRARIES = YES;
				BUNDLE_LOADER = "$(TEST_HOST)";
				CODE_SIGN_STYLE = Automatic;
				CURRENT_PROJECT_VERSION = 1;
				GENERATE_INFOPLIST_FILE = YES;
				IPHONEOS_DEPLOYMENT_TARGET = 15.5;
				MARKETING_VERSION = 1.0;
				PRODUCT_BUNDLE_IDENTIFIER = com.HelloWorld.iDocumentsTests;
				PRODUCT_NAME = "$(TARGET_NAME)";
				SWIFT_EMIT_LOC_STRINGS = NO;
				SWIFT_VERSION = 5.0;
				TARGETED_DEVICE_FAMILY = "1,2";
				TEST_HOST = "$(BUILT_PRODUCTS_DIR)/iDocuments.app/iDocuments";
			};
			name = Release;
		};
		84FB2225294F4C2C00619226 /* Debug */ = {
			isa = XCBuildConfiguration;
			baseConfigurationReference = 3C9C11AFD54DAA18CE36B7FE /* Pods-iDocuments-iDocumentsUITests.debug.xcconfig */;
			buildSettings = {
				ALWAYS_EMBED_SWIFT_STANDARD_LIBRARIES = YES;
				CODE_SIGN_STYLE = Automatic;
				CURRENT_PROJECT_VERSION = 1;
				GENERATE_INFOPLIST_FILE = YES;
				MARKETING_VERSION = 1.0;
				PRODUCT_BUNDLE_IDENTIFIER = com.HelloWorld.iDocumentsUITests;
				PRODUCT_NAME = "$(TARGET_NAME)";
				SWIFT_EMIT_LOC_STRINGS = NO;
				SWIFT_VERSION = 5.0;
				TARGETED_DEVICE_FAMILY = "1,2";
				TEST_TARGET_NAME = iDocuments;
			};
			name = Debug;
		};
		84FB2226294F4C2C00619226 /* Release */ = {
			isa = XCBuildConfiguration;
			baseConfigurationReference = 1705A97CFE66D1055CB05A8F /* Pods-iDocuments-iDocumentsUITests.release.xcconfig */;
			buildSettings = {
				ALWAYS_EMBED_SWIFT_STANDARD_LIBRARIES = YES;
				CODE_SIGN_STYLE = Automatic;
				CURRENT_PROJECT_VERSION = 1;
				GENERATE_INFOPLIST_FILE = YES;
				MARKETING_VERSION = 1.0;
				PRODUCT_BUNDLE_IDENTIFIER = com.HelloWorld.iDocumentsUITests;
				PRODUCT_NAME = "$(TARGET_NAME)";
				SWIFT_EMIT_LOC_STRINGS = NO;
				SWIFT_VERSION = 5.0;
				TARGETED_DEVICE_FAMILY = "1,2";
				TEST_TARGET_NAME = iDocuments;
			};
			name = Release;
		};
/* End XCBuildConfiguration section */

/* Begin XCConfigurationList section */
		84FB21EF294F4C2A00619226 /* Build configuration list for PBXProject "iDocuments" */ = {
			isa = XCConfigurationList;
			buildConfigurations = (
				84FB221C294F4C2C00619226 /* Debug */,
				84FB221D294F4C2C00619226 /* Release */,
			);
			defaultConfigurationIsVisible = 0;
			defaultConfigurationName = Release;
		};
		84FB221E294F4C2C00619226 /* Build configuration list for PBXNativeTarget "iDocuments" */ = {
			isa = XCConfigurationList;
			buildConfigurations = (
				84FB221F294F4C2C00619226 /* Debug */,
				84FB2220294F4C2C00619226 /* Release */,
			);
			defaultConfigurationIsVisible = 0;
			defaultConfigurationName = Release;
		};
		84FB2221294F4C2C00619226 /* Build configuration list for PBXNativeTarget "iDocumentsTests" */ = {
			isa = XCConfigurationList;
			buildConfigurations = (
				84FB2222294F4C2C00619226 /* Debug */,
				84FB2223294F4C2C00619226 /* Release */,
			);
			defaultConfigurationIsVisible = 0;
			defaultConfigurationName = Release;
		};
		84FB2224294F4C2C00619226 /* Build configuration list for PBXNativeTarget "iDocumentsUITests" */ = {
			isa = XCConfigurationList;
			buildConfigurations = (
				84FB2225294F4C2C00619226 /* Debug */,
				84FB2226294F4C2C00619226 /* Release */,
			);
			defaultConfigurationIsVisible = 0;
			defaultConfigurationName = Release;
		};
/* End XCConfigurationList section */
	};
	rootObject = 84FB21EC294F4C2A00619226 /* Project object */;
}
